
Microsoft Visual Studio Solution File, Format Version 12.00
# Visual Studio Version 17
VisualStudioVersion = 17.12.35707.178 d17.12
MinimumVisualStudioVersion = 10.0.40219.1
Project("{FAE04EC0-301F-11D3-BF4B-00C04F79EFBC}") = "ProductionFacilities.WebApi", "ProductionFacilities.WebApi.csproj", "{CAEAADC1-2B3E-4396-BF62-8258CF66E78A}"
EndProject
Project("{FAE04EC0-301F-11D3-BF4B-00C04F79EFBC}") = "ProductionFacilities.Domain", "..\ProductionFacilities.Domain\ProductionFacilities.Domain.csproj", "{2D2786CD-17CF-4365-BA51-EA4CF586765F}"
EndProject
Project("{FAE04EC0-301F-11D3-BF4B-00C04F79EFBC}") = "ProductionFacilities.Application", "..\ProductionFacilities.Application\ProductionFacilities.Application.csproj", "{B09DA8B1-8BD4-45DD-89AD-6446BEC3B4D2}"
EndProject
Project("{FAE04EC0-301F-11D3-BF4B-00C04F79EFBC}") = "ProductionFacilities.Infrastructure", "..\ProductionFacilities.Infrastructure\ProductionFacilities.Infrastructure.csproj", "{444604E1-2438-402F-B39D-D3F129BC0F6A}"
EndProject
Global
	GlobalSection(SolutionConfigurationPlatforms) = preSolution
		Debug|Any CPU = Debug|Any CPU
		Release|Any CPU = Release|Any CPU
	EndGlobalSection
	GlobalSection(ProjectConfigurationPlatforms) = postSolution
		{CAEAADC1-2B3E-4396-BF62-8258CF66E78A}.Debug|Any CPU.ActiveCfg = Debug|Any CPU
		{CAEAADC1-2B3E-4396-BF62-8258CF66E78A}.Debug|Any CPU.Build.0 = Debug|Any CPU
		{CAEAADC1-2B3E-4396-BF62-8258CF66E78A}.Release|Any CPU.ActiveCfg = Release|Any CPU
		{CAEAADC1-2B3E-4396-BF62-8258CF66E78A}.Release|Any CPU.Build.0 = Release|Any CPU
		{2D2786CD-17CF-4365-BA51-EA4CF586765F}.Debug|Any CPU.ActiveCfg = Debug|Any CPU
		{2D2786CD-17CF-4365-BA51-EA4CF586765F}.Debug|Any CPU.Build.0 = Debug|Any CPU
		{2D2786CD-17CF-4365-BA51-EA4CF586765F}.Release|Any CPU.ActiveCfg = Release|Any CPU
		{2D2786CD-17CF-4365-BA51-EA4CF586765F}.Release|Any CPU.Build.0 = Release|Any CPU
		{B09DA8B1-8BD4-45DD-89AD-6446BEC3B4D2}.Debug|Any CPU.ActiveCfg = Debug|Any CPU
		{B09DA8B1-8BD4-45DD-89AD-6446BEC3B4D2}.Debug|Any CPU.Build.0 = Debug|Any CPU
		{B09DA8B1-8BD4-45DD-89AD-6446BEC3B4D2}.Release|Any CPU.ActiveCfg = Release|Any CPU
		{B09DA8B1-8BD4-45DD-89AD-6446BEC3B4D2}.Release|Any CPU.Build.0 = Release|Any CPU
		{444604E1-2438-402F-B39D-D3F129BC0F6A}.Debug|Any CPU.ActiveCfg = Debug|Any CPU
		{444604E1-2438-402F-B39D-D3F129BC0F6A}.Debug|Any CPU.Build.0 = Debug|Any CPU
		{444604E1-2438-402F-B39D-D3F129BC0F6A}.Release|Any CPU.ActiveCfg = Release|Any CPU
		{444604E1-2438-402F-B39D-D3F129BC0F6A}.Release|Any CPU.Build.0 = Release|Any CPU
	EndGlobalSection
	GlobalSection(SolutionProperties) = preSolution
		HideSolutionNode = FALSE
	EndGlobalSection
EndGlobal
